
Microsoft Visual Studio Solution File, Format Version 12.00
# Visual Studio Version 16
VisualStudioVersion = 16.0.31424.327
MinimumVisualStudioVersion = 10.0.40219.1
Project("{FAE04EC0-301F-11D3-BF4B-00C04F79EFBC}") = "State", "State\State.csproj", "{DC10BA28-C7AF-4593-B525-717E2BD0CE3F}"
EndProject
Global
	GlobalSection(SolutionConfigurationPlatforms) = preSolution
		Debug|Any CPU = Debug|Any CPU
		Release|Any CPU = Release|Any CPU
	EndGlobalSection
	GlobalSection(ProjectConfigurationPlatforms) = postSolution
		{DC10BA28-C7AF-4593-B525-717E2BD0CE3F}.Debug|Any CPU.ActiveCfg = Debug|Any CPU
		{DC10BA28-C7AF-4593-B525-717E2BD0CE3F}.Debug|Any CPU.Build.0 = Debug|Any CPU
		{DC10BA28-C7AF-4593-B525-717E2BD0CE3F}.Release|Any CPU.ActiveCfg = Release|Any CPU
		{DC10BA28-C7AF-4593-B525-717E2BD0CE3F}.Release|Any CPU.Build.0 = Release|Any CPU
	EndGlobalSection
	GlobalSection(SolutionProperties) = preSolution
		HideSolutionNode = FALSE
	EndGlobalSection
	GlobalSection(ExtensibilityGlobals) = postSolution
		SolutionGuid = {ED17607F-1538-4A6C-8DC6-C9B9AA34F420}
	EndGlobalSection
EndGlobal
